
Microsoft Visual Studio Solution File, Format Version 12.00
# Visual Studio Version 16
VisualStudioVersion = 16.0.30907.101
MinimumVisualStudioVersion = 10.0.40219.1
Project("{FAE04EC0-301F-11D3-BF4B-00C04F79EFBC}") = "Metodlar-d3", "Metodlar-d3\Metodlar-d3.csproj", "{1D42BC1C-9B3A-477D-B579-3A84108682C5}"
EndProject
Project("{FAE04EC0-301F-11D3-BF4B-00C04F79EFBC}") = "Mathematic", "Mathematic\Mathematic.csproj", "{9DE9F5CF-32FD-4332-AD38-249A1252F203}"
EndProject
Project("{FAE04EC0-301F-11D3-BF4B-00C04F79EFBC}") = "DegerVeReferansTipler", "DegerVeReferansTipler\DegerVeReferansTipler.csproj", "{9AEBD7AE-D230-47DD-B648-DB6DD0A16594}"
EndProject
Global
	GlobalSection(SolutionConfigurationPlatforms) = preSolution
		Debug|Any CPU = Debug|Any CPU
		Release|Any CPU = Release|Any CPU
	EndGlobalSection
	GlobalSection(ProjectConfigurationPlatforms) = postSolution
		{1D42BC1C-9B3A-477D-B579-3A84108682C5}.Debug|Any CPU.ActiveCfg = Debug|Any CPU
		{1D42BC1C-9B3A-477D-B579-3A84108682C5}.Debug|Any CPU.Build.0 = Debug|Any CPU
		{1D42BC1C-9B3A-477D-B579-3A84108682C5}.Release|Any CPU.ActiveCfg = Release|Any CPU
		{1D42BC1C-9B3A-477D-B579-3A84108682C5}.Release|Any CPU.Build.0 = Release|Any CPU
		{9DE9F5CF-32FD-4332-AD38-249A1252F203}.Debug|Any CPU.ActiveCfg = Debug|Any CPU
		{9DE9F5CF-32FD-4332-AD38-249A1252F203}.Debug|Any CPU.Build.0 = Debug|Any CPU
		{9DE9F5CF-32FD-4332-AD38-249A1252F203}.Release|Any CPU.ActiveCfg = Release|Any CPU
		{9DE9F5CF-32FD-4332-AD38-249A1252F203}.Release|Any CPU.Build.0 = Release|Any CPU
		{9AEBD7AE-D230-47DD-B648-DB6DD0A16594}.Debug|Any CPU.ActiveCfg = Debug|Any CPU
		{9AEBD7AE-D230-47DD-B648-DB6DD0A16594}.Debug|Any CPU.Build.0 = Debug|Any CPU
		{9AEBD7AE-D230-47DD-B648-DB6DD0A16594}.Release|Any CPU.ActiveCfg = Release|Any CPU
		{9AEBD7AE-D230-47DD-B648-DB6DD0A16594}.Release|Any CPU.Build.0 = Release|Any CPU
	EndGlobalSection
	GlobalSection(SolutionProperties) = preSolution
		HideSolutionNode = FALSE
	EndGlobalSection
	GlobalSection(ExtensibilityGlobals) = postSolution
		SolutionGuid = {1B2DF4F8-6645-4E00-A34A-F3E98D8EF4CC}
	EndGlobalSection
EndGlobal
